// !$*UTF8*$!
{
	archiveVersion = 1;
	classes = {
	};
	objectVersion = 56;
	objects = {

/* Begin PBXBuildFile section */
		BFD4AA302C72DBE60001C5D6 /* WeatherDemoApp.swift in Sources */ = {isa = PBXBuildFile; fileRef = BFD4AA2F2C72DBE60001C5D6 /* WeatherDemoApp.swift */; };
		BFD4AA322C72DBE60001C5D6 /* ContentView.swift in Sources */ = {isa = PBXBuildFile; fileRef = BFD4AA312C72DBE60001C5D6 /* ContentView.swift */; };
		BFD4AA342C72DBE70001C5D6 /* Assets.xcassets in Resources */ = {isa = PBXBuildFile; fileRef = BFD4AA332C72DBE70001C5D6 /* Assets.xcassets */; };
		BFD4AA372C72DBE70001C5D6 /* Preview Assets.xcassets in Resources */ = {isa = PBXBuildFile; fileRef = BFD4AA362C72DBE70001C5D6 /* Preview Assets.xcassets */; };
		BFD4AA5B2C72DC560001C5D6 /* SwingAnimation in Frameworks */ = {isa = PBXBuildFile; productRef = BFD4AA5A2C72DC560001C5D6 /* SwingAnimation */; };
		BFD4AA632C72DC7A0001C5D6 /* WidgetKit.framework in Frameworks */ = {isa = PBXBuildFile; fileRef = BFD4AA622C72DC7A0001C5D6 /* WidgetKit.framework */; };
		BFD4AA652C72DC7A0001C5D6 /* SwiftUI.framework in Frameworks */ = {isa = PBXBuildFile; fileRef = BFD4AA642C72DC7A0001C5D6 /* SwiftUI.framework */; };
		BFD4AA682C72DC7A0001C5D6 /* WeatherWidgetBundle.swift in Sources */ = {isa = PBXBuildFile; fileRef = BFD4AA672C72DC7A0001C5D6 /* WeatherWidgetBundle.swift */; };
		BFD4AA6A2C72DC7A0001C5D6 /* WeatherWidgetLiveActivity.swift in Sources */ = {isa = PBXBuildFile; fileRef = BFD4AA692C72DC7A0001C5D6 /* WeatherWidgetLiveActivity.swift */; };
		BFD4AA6C2C72DC7A0001C5D6 /* WeatherWidget.swift in Sources */ = {isa = PBXBuildFile; fileRef = BFD4AA6B2C72DC7A0001C5D6 /* WeatherWidget.swift */; };
		BFD4AA6E2C72DC7D0001C5D6 /* Assets.xcassets in Resources */ = {isa = PBXBuildFile; fileRef = BFD4AA6D2C72DC7D0001C5D6 /* Assets.xcassets */; };
		BFD4AA722C72DC7D0001C5D6 /* WeatherWidgetExtension.appex in Embed Foundation Extensions */ = {isa = PBXBuildFile; fileRef = BFD4AA602C72DC7A0001C5D6 /* WeatherWidgetExtension.appex */; settings = {ATTRIBUTES = (RemoveHeadersOnCopy, ); }; };
		BFD4AA9A2C72DFDE0001C5D6 /* VHLNetworkMonitor.swift in Sources */ = {isa = PBXBuildFile; fileRef = BFD4AA972C72DFDE0001C5D6 /* VHLNetworkMonitor.swift */; };
		BFD4AA9B2C72DFDE0001C5D6 /* VHLNetworkMonitor.swift in Sources */ = {isa = PBXBuildFile; fileRef = BFD4AA972C72DFDE0001C5D6 /* VHLNetworkMonitor.swift */; };
		BFD4AA9C2C72DFDE0001C5D6 /* VHLAppleWeather.swift in Sources */ = {isa = PBXBuildFile; fileRef = BFD4AA982C72DFDE0001C5D6 /* VHLAppleWeather.swift */; };
		BFD4AA9D2C72DFDE0001C5D6 /* VHLAppleWeather.swift in Sources */ = {isa = PBXBuildFile; fileRef = BFD4AA982C72DFDE0001C5D6 /* VHLAppleWeather.swift */; };
		BFD4AA9E2C72DFDE0001C5D6 /* VHLLocationManager.swift in Sources */ = {isa = PBXBuildFile; fileRef = BFD4AA992C72DFDE0001C5D6 /* VHLLocationManager.swift */; };
		BFD4AA9F2C72DFDE0001C5D6 /* VHLLocationManager.swift in Sources */ = {isa = PBXBuildFile; fileRef = BFD4AA992C72DFDE0001C5D6 /* VHLLocationManager.swift */; };
		BFD4AAA22C72DFF20001C5D6 /* UITools.swift in Sources */ = {isa = PBXBuildFile; fileRef = BFD4AAA12C72DFF20001C5D6 /* UITools.swift */; };
		BFD4AAA32C72DFF20001C5D6 /* UITools.swift in Sources */ = {isa = PBXBuildFile; fileRef = BFD4AAA12C72DFF20001C5D6 /* UITools.swift */; };
		BFD4AAA62C72DFF80001C5D6 /* fusion-pixel.ttf in Resources */ = {isa = PBXBuildFile; fileRef = BFD4AAA52C72DFF80001C5D6 /* fusion-pixel.ttf */; };
		BFD4AAA72C72DFF80001C5D6 /* fusion-pixel.ttf in Resources */ = {isa = PBXBuildFile; fileRef = BFD4AAA52C72DFF80001C5D6 /* fusion-pixel.ttf */; };
		BFD4AAAA2C72DFFE0001C5D6 /* WeatherManager.swift in Sources */ = {isa = PBXBuildFile; fileRef = BFD4AAA92C72DFFE0001C5D6 /* WeatherManager.swift */; };
		BFD4AAAB2C72DFFE0001C5D6 /* WeatherManager.swift in Sources */ = {isa = PBXBuildFile; fileRef = BFD4AAA92C72DFFE0001C5D6 /* WeatherManager.swift */; };
		BFD4AAAE2C72E00A0001C5D6 /* UserDefaults+VHL.swift in Sources */ = {isa = PBXBuildFile; fileRef = BFD4AAAD2C72E00A0001C5D6 /* UserDefaults+VHL.swift */; };
		BFD4AAAF2C72E00A0001C5D6 /* UserDefaults+VHL.swift in Sources */ = {isa = PBXBuildFile; fileRef = BFD4AAAD2C72E00A0001C5D6 /* UserDefaults+VHL.swift */; };
		BFD4AAB12C72E01F0001C5D6 /* SwingAnimation in Frameworks */ = {isa = PBXBuildFile; productRef = BFD4AAB02C72E01F0001C5D6 /* SwingAnimation */; };
		BFD4AAB42C72E0280001C5D6 /* SwiftDate in Frameworks */ = {isa = PBXBuildFile; productRef = BFD4AAB32C72E0280001C5D6 /* SwiftDate */; };
		BFD4AAB62C72E0C40001C5D6 /* SwiftDate in Frameworks */ = {isa = PBXBuildFile; productRef = BFD4AAB52C72E0C40001C5D6 /* SwiftDate */; };
		BFD4AAB92C72E10E0001C5D6 /* AppDelegate.swift in Sources */ = {isa = PBXBuildFile; fileRef = BFD4AAB72C72E10E0001C5D6 /* AppDelegate.swift */; };
		BFD4AABA2C72E10E0001C5D6 /* AppDelegate.swift in Sources */ = {isa = PBXBuildFile; fileRef = BFD4AAB72C72E10E0001C5D6 /* AppDelegate.swift */; };
		BFD4AABB2C72E10E0001C5D6 /* SceneDelegate.swift in Sources */ = {isa = PBXBuildFile; fileRef = BFD4AAB82C72E10E0001C5D6 /* SceneDelegate.swift */; };
		BFD4AABC2C72E10E0001C5D6 /* SceneDelegate.swift in Sources */ = {isa = PBXBuildFile; fileRef = BFD4AAB82C72E10E0001C5D6 /* SceneDelegate.swift */; };
		BFD4AAC32C72E15C0001C5D6 /* Tools.swift in Sources */ = {isa = PBXBuildFile; fileRef = BFD4AABE2C72E15C0001C5D6 /* Tools.swift */; };
		BFD4AAC42C72E15C0001C5D6 /* Tools.swift in Sources */ = {isa = PBXBuildFile; fileRef = BFD4AABE2C72E15C0001C5D6 /* Tools.swift */; };
		BFD4AAC52C72E15C0001C5D6 /* FilmAnimationView.swift in Sources */ = {isa = PBXBuildFile; fileRef = BFD4AAC12C72E15C0001C5D6 /* FilmAnimationView.swift */; };
		BFD4AAC62C72E15C0001C5D6 /* FilmAnimationView.swift in Sources */ = {isa = PBXBuildFile; fileRef = BFD4AAC12C72E15C0001C5D6 /* FilmAnimationView.swift */; };
		BFD4AAC72C72E15C0001C5D6 /* ShakeAnimationView.swift in Sources */ = {isa = PBXBuildFile; fileRef = BFD4AAC22C72E15C0001C5D6 /* ShakeAnimationView.swift */; };
		BFD4AAC82C72E15C0001C5D6 /* ShakeAnimationView.swift in Sources */ = {isa = PBXBuildFile; fileRef = BFD4AAC22C72E15C0001C5D6 /* ShakeAnimationView.swift */; };
		BFD4AACD2C72E1670001C5D6 /* Color+VHL.swift in Sources */ = {isa = PBXBuildFile; fileRef = BFD4AACA2C72E1670001C5D6 /* Color+VHL.swift */; };
		BFD4AACE2C72E1670001C5D6 /* View+VHL.swift in Sources */ = {isa = PBXBuildFile; fileRef = BFD4AACB2C72E1670001C5D6 /* View+VHL.swift */; };
		BFD4AACF2C72E1670001C5D6 /* WidgetConfiguration+VHL.swift in Sources */ = {isa = PBXBuildFile; fileRef = BFD4AACC2C72E1670001C5D6 /* WidgetConfiguration+VHL.swift */; };
		BFD4AAD42C72E5E50001C5D6 /* DateTimerDisplay.swift in Sources */ = {isa = PBXBuildFile; fileRef = BFD4AAD32C72E5E50001C5D6 /* DateTimerDisplay.swift */; };
		BFD4AAD62C72E5FB0001C5D6 /* Stripes.swift in Sources */ = {isa = PBXBuildFile; fileRef = BFD4AAD52C72E5FB0001C5D6 /* Stripes.swift */; };
/* End PBXBuildFile section */

/* Begin PBXContainerItemProxy section */
		BFD4AA702C72DC7D0001C5D6 /* PBXContainerItemProxy */ = {
			isa = PBXContainerItemProxy;
			containerPortal = BFD4AA242C72DBE60001C5D6 /* Project object */;
			proxyType = 1;
			remoteGlobalIDString = BFD4AA5F2C72DC7A0001C5D6;
			remoteInfo = WeatherWidgetExtension;
		};
/* End PBXContainerItemProxy section */

/* Begin PBXCopyFilesBuildPhase section */
		BFD4AA762C72DC7D0001C5D6 /* Embed Foundation Extensions */ = {
			isa = PBXCopyFilesBuildPhase;
			buildActionMask = 2147483647;
			dstPath = "";
			dstSubfolderSpec = 13;
			files = (
				BFD4AA722C72DC7D0001C5D6 /* WeatherWidgetExtension.appex in Embed Foundation Extensions */,
			);
			name = "Embed Foundation Extensions";
			runOnlyForDeploymentPostprocessing = 0;
		};
/* End PBXCopyFilesBuildPhase section */

/* Begin PBXFileReference section */
		BFD4AA2C2C72DBE60001C5D6 /* WeatherDemo.app */ = {isa = PBXFileReference; explicitFileType = wrapper.application; includeInIndex = 0; path = WeatherDemo.app; sourceTree = BUILT_PRODUCTS_DIR; };
		BFD4AA2F2C72DBE60001C5D6 /* WeatherDemoApp.swift */ = {isa = PBXFileReference; lastKnownFileType = sourcecode.swift; path = WeatherDemoApp.swift; sourceTree = "<group>"; };
		BFD4AA312C72DBE60001C5D6 /* ContentView.swift */ = {isa = PBXFileReference; lastKnownFileType = sourcecode.swift; path = ContentView.swift; sourceTree = "<group>"; };
		BFD4AA332C72DBE70001C5D6 /* Assets.xcassets */ = {isa = PBXFileReference; lastKnownFileType = folder.assetcatalog; path = Assets.xcassets; sourceTree = "<group>"; };
		BFD4AA362C72DBE70001C5D6 /* Preview Assets.xcassets */ = {isa = PBXFileReference; lastKnownFileType = folder.assetcatalog; path = "Preview Assets.xcassets"; sourceTree = "<group>"; };
		BFD4AA602C72DC7A0001C5D6 /* WeatherWidgetExtension.appex */ = {isa = PBXFileReference; explicitFileType = "wrapper.app-extension"; includeInIndex = 0; path = WeatherWidgetExtension.appex; sourceTree = BUILT_PRODUCTS_DIR; };
		BFD4AA622C72DC7A0001C5D6 /* WidgetKit.framework */ = {isa = PBXFileReference; lastKnownFileType = wrapper.framework; name = WidgetKit.framework; path = System/Library/Frameworks/WidgetKit.framework; sourceTree = SDKROOT; };
		BFD4AA642C72DC7A0001C5D6 /* SwiftUI.framework */ = {isa = PBXFileReference; lastKnownFileType = wrapper.framework; name = SwiftUI.framework; path = System/Library/Frameworks/SwiftUI.framework; sourceTree = SDKROOT; };
		BFD4AA672C72DC7A0001C5D6 /* WeatherWidgetBundle.swift */ = {isa = PBXFileReference; lastKnownFileType = sourcecode.swift; path = WeatherWidgetBundle.swift; sourceTree = "<group>"; };
		BFD4AA692C72DC7A0001C5D6 /* WeatherWidgetLiveActivity.swift */ = {isa = PBXFileReference; lastKnownFileType = sourcecode.swift; path = WeatherWidgetLiveActivity.swift; sourceTree = "<group>"; };
		BFD4AA6B2C72DC7A0001C5D6 /* WeatherWidget.swift */ = {isa = PBXFileReference; lastKnownFileType = sourcecode.swift; path = WeatherWidget.swift; sourceTree = "<group>"; };
		BFD4AA6D2C72DC7D0001C5D6 /* Assets.xcassets */ = {isa = PBXFileReference; lastKnownFileType = folder.assetcatalog; path = Assets.xcassets; sourceTree = "<group>"; };
		BFD4AA6F2C72DC7D0001C5D6 /* Info.plist */ = {isa = PBXFileReference; lastKnownFileType = text.plist.xml; path = Info.plist; sourceTree = "<group>"; };
		BFD4AA972C72DFDE0001C5D6 /* VHLNetworkMonitor.swift */ = {isa = PBXFileReference; fileEncoding = 4; lastKnownFileType = sourcecode.swift; path = VHLNetworkMonitor.swift; sourceTree = "<group>"; };
		BFD4AA982C72DFDE0001C5D6 /* VHLAppleWeather.swift */ = {isa = PBXFileReference; fileEncoding = 4; lastKnownFileType = sourcecode.swift; path = VHLAppleWeather.swift; sourceTree = "<group>"; };
		BFD4AA992C72DFDE0001C5D6 /* VHLLocationManager.swift */ = {isa = PBXFileReference; fileEncoding = 4; lastKnownFileType = sourcecode.swift; path = VHLLocationManager.swift; sourceTree = "<group>"; };
		BFD4AAA12C72DFF20001C5D6 /* UITools.swift */ = {isa = PBXFileReference; fileEncoding = 4; lastKnownFileType = sourcecode.swift; path = UITools.swift; sourceTree = "<group>"; };
		BFD4AAA52C72DFF80001C5D6 /* fusion-pixel.ttf */ = {isa = PBXFileReference; lastKnownFileType = file; path = "fusion-pixel.ttf"; sourceTree = "<group>"; };
		BFD4AAA92C72DFFE0001C5D6 /* WeatherManager.swift */ = {isa = PBXFileReference; fileEncoding = 4; lastKnownFileType = sourcecode.swift; path = WeatherManager.swift; sourceTree = "<group>"; };
		BFD4AAAD2C72E00A0001C5D6 /* UserDefaults+VHL.swift */ = {isa = PBXFileReference; fileEncoding = 4; lastKnownFileType = sourcecode.swift; path = "UserDefaults+VHL.swift"; sourceTree = "<group>"; };
		BFD4AAB72C72E10E0001C5D6 /* AppDelegate.swift */ = {isa = PBXFileReference; fileEncoding = 4; lastKnownFileType = sourcecode.swift; path = AppDelegate.swift; sourceTree = "<group>"; };
		BFD4AAB82C72E10E0001C5D6 /* SceneDelegate.swift */ = {isa = PBXFileReference; fileEncoding = 4; lastKnownFileType = sourcecode.swift; path = SceneDelegate.swift; sourceTree = "<group>"; };
		BFD4AABE2C72E15C0001C5D6 /* Tools.swift */ = {isa = PBXFileReference; fileEncoding = 4; lastKnownFileType = sourcecode.swift; path = Tools.swift; sourceTree = "<group>"; };
		BFD4AAC12C72E15C0001C5D6 /* FilmAnimationView.swift */ = {isa = PBXFileReference; fileEncoding = 4; lastKnownFileType = sourcecode.swift; path = FilmAnimationView.swift; sourceTree = "<group>"; };
		BFD4AAC22C72E15C0001C5D6 /* ShakeAnimationView.swift */ = {isa = PBXFileReference; fileEncoding = 4; lastKnownFileType = sourcecode.swift; path = ShakeAnimationView.swift; sourceTree = "<group>"; };
		BFD4AACA2C72E1670001C5D6 /* Color+VHL.swift */ = {isa = PBXFileReference; fileEncoding = 4; lastKnownFileType = sourcecode.swift; path = "Color+VHL.swift"; sourceTree = "<group>"; };
		BFD4AACB2C72E1670001C5D6 /* View+VHL.swift */ = {isa = PBXFileReference; fileEncoding = 4; lastKnownFileType = sourcecode.swift; path = "View+VHL.swift"; sourceTree = "<group>"; };
		BFD4AACC2C72E1670001C5D6 /* WidgetConfiguration+VHL.swift */ = {isa = PBXFileReference; fileEncoding = 4; lastKnownFileType = sourcecode.swift; path = "WidgetConfiguration+VHL.swift"; sourceTree = "<group>"; };
		BFD4AAD02C72E17A0001C5D6 /* WeatherDemo.entitlements */ = {isa = PBXFileReference; lastKnownFileType = text.plist.entitlements; path = WeatherDemo.entitlements; sourceTree = "<group>"; };
		BFD4AAD12C72E18A0001C5D6 /* WeatherWidgetExtension.entitlements */ = {isa = PBXFileReference; lastKnownFileType = text.plist.entitlements; path = WeatherWidgetExtension.entitlements; sourceTree = "<group>"; };
		BFD4AAD22C72E1B70001C5D6 /* Info.plist */ = {isa = PBXFileReference; lastKnownFileType = text.plist; path = Info.plist; sourceTree = "<group>"; };
		BFD4AAD32C72E5E50001C5D6 /* DateTimerDisplay.swift */ = {isa = PBXFileReference; fileEncoding = 4; lastKnownFileType = sourcecode.swift; path = DateTimerDisplay.swift; sourceTree = "<group>"; };
		BFD4AAD52C72E5FB0001C5D6 /* Stripes.swift */ = {isa = PBXFileReference; fileEncoding = 4; lastKnownFileType = sourcecode.swift; path = Stripes.swift; sourceTree = "<group>"; };
/* End PBXFileReference section */

/* Begin PBXFrameworksBuildPhase section */
		BFD4AA292C72DBE60001C5D6 /* Frameworks */ = {
			isa = PBXFrameworksBuildPhase;
			buildActionMask = 2147483647;
			files = (
				BFD4AAB42C72E0280001C5D6 /* SwiftDate in Frameworks */,
				BFD4AA5B2C72DC560001C5D6 /* SwingAnimation in Frameworks */,
			);
			runOnlyForDeploymentPostprocessing = 0;
		};
		BFD4AA5D2C72DC7A0001C5D6 /* Frameworks */ = {
			isa = PBXFrameworksBuildPhase;
			buildActionMask = 2147483647;
			files = (
				BFD4AAB62C72E0C40001C5D6 /* SwiftDate in Frameworks */,
				BFD4AA652C72DC7A0001C5D6 /* SwiftUI.framework in Frameworks */,
				BFD4AA632C72DC7A0001C5D6 /* WidgetKit.framework in Frameworks */,
				BFD4AAB12C72E01F0001C5D6 /* SwingAnimation in Frameworks */,
			);
			runOnlyForDeploymentPostprocessing = 0;
		};
/* End PBXFrameworksBuildPhase section */

/* Begin PBXGroup section */
		BFD4AA232C72DBE60001C5D6 = {
			isa = PBXGroup;
			children = (
				BFD4AAD12C72E18A0001C5D6 /* WeatherWidgetExtension.entitlements */,
				BFD4AA2E2C72DBE60001C5D6 /* WeatherDemo */,
				BFD4AA662C72DC7A0001C5D6 /* WeatherWidget */,
				BFD4AA612C72DC7A0001C5D6 /* Frameworks */,
				BFD4AA2D2C72DBE60001C5D6 /* Products */,
			);
			sourceTree = "<group>";
		};
		BFD4AA2D2C72DBE60001C5D6 /* Products */ = {
			isa = PBXGroup;
			children = (
				BFD4AA2C2C72DBE60001C5D6 /* WeatherDemo.app */,
				BFD4AA602C72DC7A0001C5D6 /* WeatherWidgetExtension.appex */,
			);
			name = Products;
			sourceTree = "<group>";
		};
		BFD4AA2E2C72DBE60001C5D6 /* WeatherDemo */ = {
			isa = PBXGroup;
			children = (
				BFD4AAD22C72E1B70001C5D6 /* Info.plist */,
				BFD4AAD02C72E17A0001C5D6 /* WeatherDemo.entitlements */,
				BFD4AAAC2C72E00A0001C5D6 /* Categorys */,
				BFD4AAA42C72DFF80001C5D6 /* Resource */,
				BFD4AA962C72DFDE0001C5D6 /* VHLWeather */,
				BFD4AAA82C72DFFE0001C5D6 /* Manager */,
				BFD4AAA02C72DFF20001C5D6 /* Tools */,
				BFD4AAB72C72E10E0001C5D6 /* AppDelegate.swift */,
				BFD4AAB82C72E10E0001C5D6 /* SceneDelegate.swift */,
				BFD4AA2F2C72DBE60001C5D6 /* WeatherDemoApp.swift */,
				BFD4AA312C72DBE60001C5D6 /* ContentView.swift */,
				BFD4AA332C72DBE70001C5D6 /* Assets.xcassets */,
				BFD4AA352C72DBE70001C5D6 /* Preview Content */,
			);
			path = WeatherDemo;
			sourceTree = "<group>";
		};
		BFD4AA352C72DBE70001C5D6 /* Preview Content */ = {
			isa = PBXGroup;
			children = (
				BFD4AA362C72DBE70001C5D6 /* Preview Assets.xcassets */,
			);
			path = "Preview Content";
			sourceTree = "<group>";
		};
		BFD4AA612C72DC7A0001C5D6 /* Frameworks */ = {
			isa = PBXGroup;
			children = (
				BFD4AA622C72DC7A0001C5D6 /* WidgetKit.framework */,
				BFD4AA642C72DC7A0001C5D6 /* SwiftUI.framework */,
			);
			name = Frameworks;
			sourceTree = "<group>";
		};
		BFD4AA662C72DC7A0001C5D6 /* WeatherWidget */ = {
			isa = PBXGroup;
			children = (
				BFD4AAC92C72E1670001C5D6 /* Categorys */,
				BFD4AABD2C72E15C0001C5D6 /* Tools */,
				BFD4AABF2C72E15C0001C5D6 /* View */,
				BFD4AA6B2C72DC7A0001C5D6 /* WeatherWidget.swift */,
				BFD4AA672C72DC7A0001C5D6 /* WeatherWidgetBundle.swift */,
				BFD4AA692C72DC7A0001C5D6 /* WeatherWidgetLiveActivity.swift */,
				BFD4AA6D2C72DC7D0001C5D6 /* Assets.xcassets */,
				BFD4AA6F2C72DC7D0001C5D6 /* Info.plist */,
			);
			path = WeatherWidget;
			sourceTree = "<group>";
		};
		BFD4AA962C72DFDE0001C5D6 /* VHLWeather */ = {
			isa = PBXGroup;
			children = (
				BFD4AA972C72DFDE0001C5D6 /* VHLNetworkMonitor.swift */,
				BFD4AA982C72DFDE0001C5D6 /* VHLAppleWeather.swift */,
				BFD4AA992C72DFDE0001C5D6 /* VHLLocationManager.swift */,
			);
			name = VHLWeather;
			path = ../../VWeather/WeatherDemo/VHLWeather;
			sourceTree = "<group>";
		};
		BFD4AAA02C72DFF20001C5D6 /* Tools */ = {
			isa = PBXGroup;
			children = (
				BFD4AAA12C72DFF20001C5D6 /* UITools.swift */,
			);
			name = Tools;
			path = ../../VWeather/WeatherDemo/Tools;
			sourceTree = "<group>";
		};
		BFD4AAA42C72DFF80001C5D6 /* Resource */ = {
			isa = PBXGroup;
			children = (
				BFD4AAA52C72DFF80001C5D6 /* fusion-pixel.ttf */,
			);
			name = Resource;
			path = ../../VWeather/WeatherDemo/Resource;
			sourceTree = "<group>";
		};
		BFD4AAA82C72DFFE0001C5D6 /* Manager */ = {
			isa = PBXGroup;
			children = (
				BFD4AAA92C72DFFE0001C5D6 /* WeatherManager.swift */,
			);
			name = Manager;
			path = ../../VWeather/WeatherDemo/Manager;
			sourceTree = "<group>";
		};
		BFD4AAAC2C72E00A0001C5D6 /* Categorys */ = {
			isa = PBXGroup;
			children = (
				BFD4AAAD2C72E00A0001C5D6 /* UserDefaults+VHL.swift */,
			);
			path = Categorys;
			sourceTree = "<group>";
		};
		BFD4AABD2C72E15C0001C5D6 /* Tools */ = {
			isa = PBXGroup;
			children = (
				BFD4AABE2C72E15C0001C5D6 /* Tools.swift */,
			);
			path = Tools;
			sourceTree = "<group>";
		};
		BFD4AABF2C72E15C0001C5D6 /* View */ = {
			isa = PBXGroup;
			children = (
				BFD4AAD52C72E5FB0001C5D6 /* Stripes.swift */,
				BFD4AAD32C72E5E50001C5D6 /* DateTimerDisplay.swift */,
				BFD4AAC02C72E15C0001C5D6 /* AnimationViews */,
			);
			path = View;
			sourceTree = "<group>";
		};
		BFD4AAC02C72E15C0001C5D6 /* AnimationViews */ = {
			isa = PBXGroup;
			children = (
				BFD4AAC12C72E15C0001C5D6 /* FilmAnimationView.swift */,
				BFD4AAC22C72E15C0001C5D6 /* ShakeAnimationView.swift */,
			);
			path = AnimationViews;
			sourceTree = "<group>";
		};
		BFD4AAC92C72E1670001C5D6 /* Categorys */ = {
			isa = PBXGroup;
			children = (
				BFD4AACA2C72E1670001C5D6 /* Color+VHL.swift */,
				BFD4AACB2C72E1670001C5D6 /* View+VHL.swift */,
				BFD4AACC2C72E1670001C5D6 /* WidgetConfiguration+VHL.swift */,
			);
			path = Categorys;
			sourceTree = "<group>";
		};
/* End PBXGroup section */

/* Begin PBXNativeTarget section */
		BFD4AA2B2C72DBE60001C5D6 /* WeatherDemo */ = {
			isa = PBXNativeTarget;
			buildConfigurationList = BFD4AA502C72DBE80001C5D6 /* Build configuration list for PBXNativeTarget "WeatherDemo" */;
			buildPhases = (
				BFD4AA282C72DBE60001C5D6 /* Sources */,
				BFD4AA292C72DBE60001C5D6 /* Frameworks */,
				BFD4AA2A2C72DBE60001C5D6 /* Resources */,
				BFD4AA762C72DC7D0001C5D6 /* Embed Foundation Extensions */,
			);
			buildRules = (
			);
			dependencies = (
				BFD4AA712C72DC7D0001C5D6 /* PBXTargetDependency */,
			);
			name = WeatherDemo;
			packageProductDependencies = (
				BFD4AA5A2C72DC560001C5D6 /* SwingAnimation */,
				BFD4AAB32C72E0280001C5D6 /* SwiftDate */,
			);
			productName = WeatherDemo;
			productReference = BFD4AA2C2C72DBE60001C5D6 /* WeatherDemo.app */;
			productType = "com.apple.product-type.application";
		};
		BFD4AA5F2C72DC7A0001C5D6 /* WeatherWidgetExtension */ = {
			isa = PBXNativeTarget;
			buildConfigurationList = BFD4AA732C72DC7D0001C5D6 /* Build configuration list for PBXNativeTarget "WeatherWidgetExtension" */;
			buildPhases = (
				BFD4AA5C2C72DC7A0001C5D6 /* Sources */,
				BFD4AA5D2C72DC7A0001C5D6 /* Frameworks */,
				BFD4AA5E2C72DC7A0001C5D6 /* Resources */,
			);
			buildRules = (
			);
			dependencies = (
			);
			name = WeatherWidgetExtension;
			packageProductDependencies = (
				BFD4AAB02C72E01F0001C5D6 /* SwingAnimation */,
				BFD4AAB52C72E0C40001C5D6 /* SwiftDate */,
			);
			productName = WeatherWidgetExtension;
			productReference = BFD4AA602C72DC7A0001C5D6 /* WeatherWidgetExtension.appex */;
			productType = "com.apple.product-type.app-extension";
		};
/* End PBXNativeTarget section */

/* Begin PBXProject section */
		BFD4AA242C72DBE60001C5D6 /* Project object */ = {
			isa = PBXProject;
			attributes = {
				BuildIndependentTargetsInParallel = 1;
				LastSwiftUpdateCheck = 1520;
				LastUpgradeCheck = 1520;
				TargetAttributes = {
					BFD4AA2B2C72DBE60001C5D6 = {
						CreatedOnToolsVersion = 15.2;
					};
					BFD4AA5F2C72DC7A0001C5D6 = {
						CreatedOnToolsVersion = 15.2;
					};
				};
			};
			buildConfigurationList = BFD4AA272C72DBE60001C5D6 /* Build configuration list for PBXProject "WeatherDemo" */;
			compatibilityVersion = "Xcode 14.0";
			developmentRegion = "zh-Hans";
			hasScannedForEncodings = 0;
			knownRegions = (
				en,
				Base,
				"zh-Hans",
			);
			mainGroup = BFD4AA232C72DBE60001C5D6;
			packageReferences = (
				BFD4AA592C72DC560001C5D6 /* XCRemoteSwiftPackageReference "SwingAnimation" */,
				BFD4AAB22C72E0270001C5D6 /* XCRemoteSwiftPackageReference "SwiftDate" */,
			);
			productRefGroup = BFD4AA2D2C72DBE60001C5D6 /* Products */;
			projectDirPath = "";
			projectRoot = "";
			targets = (
				BFD4AA2B2C72DBE60001C5D6 /* WeatherDemo */,
				BFD4AA5F2C72DC7A0001C5D6 /* WeatherWidgetExtension */,
			);
		};
/* End PBXProject section */

/* Begin PBXResourcesBuildPhase section */
		BFD4AA2A2C72DBE60001C5D6 /* Resources */ = {
			isa = PBXResourcesBuildPhase;
			buildActionMask = 2147483647;
			files = (
				BFD4AA372C72DBE70001C5D6 /* Preview Assets.xcassets in Resources */,
				BFD4AA342C72DBE70001C5D6 /* Assets.xcassets in Resources */,
				BFD4AAA62C72DFF80001C5D6 /* fusion-pixel.ttf in Resources */,
			);
			runOnlyForDeploymentPostprocessing = 0;
		};
		BFD4AA5E2C72DC7A0001C5D6 /* Resources */ = {
			isa = PBXResourcesBuildPhase;
			buildActionMask = 2147483647;
			files = (
				BFD4AA6E2C72DC7D0001C5D6 /* Assets.xcassets in Resources */,
				BFD4AAA72C72DFF80001C5D6 /* fusion-pixel.ttf in Resources */,
			);
			runOnlyForDeploymentPostprocessing = 0;
		};
/* End PBXResourcesBuildPhase section */

/* Begin PBXSourcesBuildPhase section */
		BFD4AA282C72DBE60001C5D6 /* Sources */ = {
			isa = PBXSourcesBuildPhase;
			buildActionMask = 2147483647;
			files = (
				BFD4AA9C2C72DFDE0001C5D6 /* VHLAppleWeather.swift in Sources */,
				BFD4AAC72C72E15C0001C5D6 /* ShakeAnimationView.swift in Sources */,
				BFD4AAA22C72DFF20001C5D6 /* UITools.swift in Sources */,
				BFD4AA322C72DBE60001C5D6 /* ContentView.swift in Sources */,
				BFD4AAB92C72E10E0001C5D6 /* AppDelegate.swift in Sources */,
				BFD4AAAA2C72DFFE0001C5D6 /* WeatherManager.swift in Sources */,
				BFD4AAC52C72E15C0001C5D6 /* FilmAnimationView.swift in Sources */,
				BFD4AABB2C72E10E0001C5D6 /* SceneDelegate.swift in Sources */,
				BFD4AA302C72DBE60001C5D6 /* WeatherDemoApp.swift in Sources */,
				BFD4AAC32C72E15C0001C5D6 /* Tools.swift in Sources */,
				BFD4AAAE2C72E00A0001C5D6 /* UserDefaults+VHL.swift in Sources */,
				BFD4AA9E2C72DFDE0001C5D6 /* VHLLocationManager.swift in Sources */,
				BFD4AA9A2C72DFDE0001C5D6 /* VHLNetworkMonitor.swift in Sources */,
			);
			runOnlyForDeploymentPostprocessing = 0;
		};
		BFD4AA5C2C72DC7A0001C5D6 /* Sources */ = {
			isa = PBXSourcesBuildPhase;
			buildActionMask = 2147483647;
			files = (
				BFD4AAA32C72DFF20001C5D6 /* UITools.swift in Sources */,
				BFD4AA682C72DC7A0001C5D6 /* WeatherWidgetBundle.swift in Sources */,
				BFD4AAAB2C72DFFE0001C5D6 /* WeatherManager.swift in Sources */,
				BFD4AAC42C72E15C0001C5D6 /* Tools.swift in Sources */,
				BFD4AA6A2C72DC7A0001C5D6 /* WeatherWidgetLiveActivity.swift in Sources */,
				BFD4AACF2C72E1670001C5D6 /* WidgetConfiguration+VHL.swift in Sources */,
				BFD4AAAF2C72E00A0001C5D6 /* UserDefaults+VHL.swift in Sources */,
				BFD4AAC62C72E15C0001C5D6 /* FilmAnimationView.swift in Sources */,
				BFD4AA9D2C72DFDE0001C5D6 /* VHLAppleWeather.swift in Sources */,
				BFD4AA9B2C72DFDE0001C5D6 /* VHLNetworkMonitor.swift in Sources */,
				BFD4AAD42C72E5E50001C5D6 /* DateTimerDisplay.swift in Sources */,
				BFD4AACE2C72E1670001C5D6 /* View+VHL.swift in Sources */,
				BFD4AABC2C72E10E0001C5D6 /* SceneDelegate.swift in Sources */,
				BFD4AAC82C72E15C0001C5D6 /* ShakeAnimationView.swift in Sources */,
				BFD4AAD62C72E5FB0001C5D6 /* Stripes.swift in Sources */,
				BFD4AA6C2C72DC7A0001C5D6 /* WeatherWidget.swift in Sources */,
				BFD4AABA2C72E10E0001C5D6 /* AppDelegate.swift in Sources */,
				BFD4AA9F2C72DFDE0001C5D6 /* VHLLocationManager.swift in Sources */,
				BFD4AACD2C72E1670001C5D6 /* Color+VHL.swift in Sources */,
			);
			runOnlyForDeploymentPostprocessing = 0;
		};
/* End PBXSourcesBuildPhase section */

/* Begin PBXTargetDependency section */
		BFD4AA712C72DC7D0001C5D6 /* PBXTargetDependency */ = {
			isa = PBXTargetDependency;
			target = BFD4AA5F2C72DC7A0001C5D6 /* WeatherWidgetExtension */;
			targetProxy = BFD4AA702C72DC7D0001C5D6 /* PBXContainerItemProxy */;
		};
/* End PBXTargetDependency section */

/* Begin XCBuildConfiguration section */
		BFD4AA4E2C72DBE80001C5D6 /* Debug */ = {
			isa = XCBuildConfiguration;
			buildSettings = {
				ALWAYS_SEARCH_USER_PATHS = NO;
				ASSETCATALOG_COMPILER_GENERATE_SWIFT_ASSET_SYMBOL_EXTENSIONS = YES;
				CLANG_ANALYZER_NONNULL = YES;
				CLANG_ANALYZER_NUMBER_OBJECT_CONVERSION = YES_AGGRESSIVE;
				CLANG_CXX_LANGUAGE_STANDARD = "gnu++20";
				CLANG_ENABLE_MODULES = YES;
				CLANG_ENABLE_OBJC_ARC = YES;
				CLANG_ENABLE_OBJC_WEAK = YES;
				CLANG_WARN_BLOCK_CAPTURE_AUTORELEASING = YES;
				CLANG_WARN_BOOL_CONVERSION = YES;
				CLANG_WARN_COMMA = YES;
				CLANG_WARN_CONSTANT_CONVERSION = YES;
				CLANG_WARN_DEPRECATED_OBJC_IMPLEMENTATIONS = YES;
				CLANG_WARN_DIRECT_OBJC_ISA_USAGE = YES_ERROR;
				CLANG_WARN_DOCUMENTATION_COMMENTS = YES;
				CLANG_WARN_EMPTY_BODY = YES;
				CLANG_WARN_ENUM_CONVERSION = YES;
				CLANG_WARN_INFINITE_RECURSION = YES;
				CLANG_WARN_INT_CONVERSION = YES;
				CLANG_WARN_NON_LITERAL_NULL_CONVERSION = YES;
				CLANG_WARN_OBJC_IMPLICIT_RETAIN_SELF = YES;
				CLANG_WARN_OBJC_LITERAL_CONVERSION = YES;
				CLANG_WARN_OBJC_ROOT_CLASS = YES_ERROR;
				CLANG_WARN_QUOTED_INCLUDE_IN_FRAMEWORK_HEADER = YES;
				CLANG_WARN_RANGE_LOOP_ANALYSIS = YES;
				CLANG_WARN_STRICT_PROTOTYPES = YES;
				CLANG_WARN_SUSPICIOUS_MOVE = YES;
				CLANG_WARN_UNGUARDED_AVAILABILITY = YES_AGGRESSIVE;
				CLANG_WARN_UNREACHABLE_CODE = YES;
				CLANG_WARN__DUPLICATE_METHOD_MATCH = YES;
				COPY_PHASE_STRIP = NO;
				DEBUG_INFORMATION_FORMAT = dwarf;
				ENABLE_STRICT_OBJC_MSGSEND = YES;
				ENABLE_TESTABILITY = YES;
				ENABLE_USER_SCRIPT_SANDBOXING = YES;
				GCC_C_LANGUAGE_STANDARD = gnu17;
				GCC_DYNAMIC_NO_PIC = NO;
				GCC_NO_COMMON_BLOCKS = YES;
				GCC_OPTIMIZATION_LEVEL = 0;
				GCC_PREPROCESSOR_DEFINITIONS = (
					"DEBUG=1",
					"$(inherited)",
				);
				GCC_WARN_64_TO_32_BIT_CONVERSION = YES;
				GCC_WARN_ABOUT_RETURN_TYPE = YES_ERROR;
				GCC_WARN_UNDECLARED_SELECTOR = YES;
				GCC_WARN_UNINITIALIZED_AUTOS = YES_AGGRESSIVE;
				GCC_WARN_UNUSED_FUNCTION = YES;
				GCC_WARN_UNUSED_VARIABLE = YES;
				IPHONEOS_DEPLOYMENT_TARGET = 17.2;
				LOCALIZATION_PREFERS_STRING_CATALOGS = YES;
				MTL_ENABLE_DEBUG_INFO = INCLUDE_SOURCE;
				MTL_FAST_MATH = YES;
				ONLY_ACTIVE_ARCH = YES;
				SDKROOT = iphoneos;
				SWIFT_ACTIVE_COMPILATION_CONDITIONS = "DEBUG $(inherited)";
				SWIFT_OPTIMIZATION_LEVEL = "-Onone";
			};
			name = Debug;
		};
		BFD4AA4F2C72DBE80001C5D6 /* Release */ = {
			isa = XCBuildConfiguration;
			buildSettings = {
				ALWAYS_SEARCH_USER_PATHS = NO;
				ASSETCATALOG_COMPILER_GENERATE_SWIFT_ASSET_SYMBOL_EXTENSIONS = YES;
				CLANG_ANALYZER_NONNULL = YES;
				CLANG_ANALYZER_NUMBER_OBJECT_CONVERSION = YES_AGGRESSIVE;
				CLANG_CXX_LANGUAGE_STANDARD = "gnu++20";
				CLANG_ENABLE_MODULES = YES;
				CLANG_ENABLE_OBJC_ARC = YES;
				CLANG_ENABLE_OBJC_WEAK = YES;
				CLANG_WARN_BLOCK_CAPTURE_AUTORELEASING = YES;
				CLANG_WARN_BOOL_CONVERSION = YES;
				CLANG_WARN_COMMA = YES;
				CLANG_WARN_CONSTANT_CONVERSION = YES;
				CLANG_WARN_DEPRECATED_OBJC_IMPLEMENTATIONS = YES;
				CLANG_WARN_DIRECT_OBJC_ISA_USAGE = YES_ERROR;
				CLANG_WARN_DOCUMENTATION_COMMENTS = YES;
				CLANG_WARN_EMPTY_BODY = YES;
				CLANG_WARN_ENUM_CONVERSION = YES;
				CLANG_WARN_INFINITE_RECURSION = YES;
				CLANG_WARN_INT_CONVERSION = YES;
				CLANG_WARN_NON_LITERAL_NULL_CONVERSION = YES;
				CLANG_WARN_OBJC_IMPLICIT_RETAIN_SELF = YES;
				CLANG_WARN_OBJC_LITERAL_CONVERSION = YES;
				CLANG_WARN_OBJC_ROOT_CLASS = YES_ERROR;
				CLANG_WARN_QUOTED_INCLUDE_IN_FRAMEWORK_HEADER = YES;
				CLANG_WARN_RANGE_LOOP_ANALYSIS = YES;
				CLANG_WARN_STRICT_PROTOTYPES = YES;
				CLANG_WARN_SUSPICIOUS_MOVE = YES;
				CLANG_WARN_UNGUARDED_AVAILABILITY = YES_AGGRESSIVE;
				CLANG_WARN_UNREACHABLE_CODE = YES;
				CLANG_WARN__DUPLICATE_METHOD_MATCH = YES;
				COPY_PHASE_STRIP = NO;
				DEBUG_INFORMATION_FORMAT = "dwarf-with-dsym";
				ENABLE_NS_ASSERTIONS = NO;
				ENABLE_STRICT_OBJC_MSGSEND = YES;
				ENABLE_USER_SCRIPT_SANDBOXING = YES;
				GCC_C_LANGUAGE_STANDARD = gnu17;
				GCC_NO_COMMON_BLOCKS = YES;
				GCC_WARN_64_TO_32_BIT_CONVERSION = YES;
				GCC_WARN_ABOUT_RETURN_TYPE = YES_ERROR;
				GCC_WARN_UNDECLARED_SELECTOR = YES;
				GCC_WARN_UNINITIALIZED_AUTOS = YES_AGGRESSIVE;
				GCC_WARN_UNUSED_FUNCTION = YES;
				GCC_WARN_UNUSED_VARIABLE = YES;
				IPHONEOS_DEPLOYMENT_TARGET = 17.2;
				LOCALIZATION_PREFERS_STRING_CATALOGS = YES;
				MTL_ENABLE_DEBUG_INFO = NO;
				MTL_FAST_MATH = YES;
				SDKROOT = iphoneos;
				SWIFT_COMPILATION_MODE = wholemodule;
				VALIDATE_PRODUCT = YES;
			};
			name = Release;
		};
		BFD4AA512C72DBE80001C5D6 /* Debug */ = {
			isa = XCBuildConfiguration;
			buildSettings = {
				ALWAYS_EMBED_SWIFT_STANDARD_LIBRARIES = YES;
				ASSETCATALOG_COMPILER_APPICON_NAME = AppIcon;
				ASSETCATALOG_COMPILER_GLOBAL_ACCENT_COLOR_NAME = AccentColor;
				CODE_SIGN_ENTITLEMENTS = WeatherDemo/WeatherDemo.entitlements;
				CODE_SIGN_STYLE = Automatic;
				CURRENT_PROJECT_VERSION = 1;
				DEVELOPMENT_ASSET_PATHS = "\"WeatherDemo/Preview Content\"";
				DEVELOPMENT_TEAM = 3N2YQM983F;
				ENABLE_PREVIEWS = YES;
				GENERATE_INFOPLIST_FILE = YES;
				INFOPLIST_FILE = WeatherDemo/Info.plist;
				INFOPLIST_KEY_NSLocationWhenInUseUsageDescription = "用于获取当前位置天气信息";
				INFOPLIST_KEY_UIApplicationSceneManifest_Generation = YES;
				INFOPLIST_KEY_UIApplicationSupportsIndirectInputEvents = YES;
				INFOPLIST_KEY_UILaunchScreen_Generation = YES;
				INFOPLIST_KEY_UISupportedInterfaceOrientations_iPad = "UIInterfaceOrientationPortrait UIInterfaceOrientationPortraitUpsideDown UIInterfaceOrientationLandscapeLeft UIInterfaceOrientationLandscapeRight";
				INFOPLIST_KEY_UISupportedInterfaceOrientations_iPhone = "UIInterfaceOrientationPortrait UIInterfaceOrientationLandscapeLeft UIInterfaceOrientationLandscapeRight";
				LD_RUNPATH_SEARCH_PATHS = (
					"$(inherited)",
					"@executable_path/Frameworks",
				);
				MARKETING_VERSION = 1.0;
				PRODUCT_BUNDLE_IDENTIFIER = cn.vincents.WeatherDemo;
				PRODUCT_NAME = "$(TARGET_NAME)";
				SWIFT_EMIT_LOC_STRINGS = YES;
				SWIFT_VERSION = 5.0;
				TARGETED_DEVICE_FAMILY = "1,2";
			};
			name = Debug;
		};
		BFD4AA522C72DBE80001C5D6 /* Release */ = {
			isa = XCBuildConfiguration;
			buildSettings = {
				ALWAYS_EMBED_SWIFT_STANDARD_LIBRARIES = YES;
				ASSETCATALOG_COMPILER_APPICON_NAME = AppIcon;
				ASSETCATALOG_COMPILER_GLOBAL_ACCENT_COLOR_NAME = AccentColor;
				CODE_SIGN_ENTITLEMENTS = WeatherDemo/WeatherDemo.entitlements;
				CODE_SIGN_STYLE = Automatic;
				CURRENT_PROJECT_VERSION = 1;
				DEVELOPMENT_ASSET_PATHS = "\"WeatherDemo/Preview Content\"";
				DEVELOPMENT_TEAM = 3N2YQM983F;
				ENABLE_PREVIEWS = YES;
				GENERATE_INFOPLIST_FILE = YES;
				INFOPLIST_FILE = WeatherDemo/Info.plist;
				INFOPLIST_KEY_NSLocationWhenInUseUsageDescription = "用于获取当前位置天气信息";
				INFOPLIST_KEY_UIApplicationSceneManifest_Generation = YES;
				INFOPLIST_KEY_UIApplicationSupportsIndirectInputEvents = YES;
				INFOPLIST_KEY_UILaunchScreen_Generation = YES;
				INFOPLIST_KEY_UISupportedInterfaceOrientations_iPad = "UIInterfaceOrientationPortrait UIInterfaceOrientationPortraitUpsideDown UIInterfaceOrientationLandscapeLeft UIInterfaceOrientationLandscapeRight";
				INFOPLIST_KEY_UISupportedInterfaceOrientations_iPhone = "UIInterfaceOrientationPortrait UIInterfaceOrientationLandscapeLeft UIInterfaceOrientationLandscapeRight";
				LD_RUNPATH_SEARCH_PATHS = (
					"$(inherited)",
					"@executable_path/Frameworks",
				);
				MARKETING_VERSION = 1.0;
				PRODUCT_BUNDLE_IDENTIFIER = cn.vincents.WeatherDemo;
				PRODUCT_NAME = "$(TARGET_NAME)";
				SWIFT_EMIT_LOC_STRINGS = YES;
				SWIFT_VERSION = 5.0;
				TARGETED_DEVICE_FAMILY = "1,2";
			};
			name = Release;
		};
		BFD4AA742C72DC7D0001C5D6 /* Debug */ = {
			isa = XCBuildConfiguration;
			buildSettings = {
				ASSETCATALOG_COMPILER_GLOBAL_ACCENT_COLOR_NAME = AccentColor;
				ASSETCATALOG_COMPILER_WIDGET_BACKGROUND_COLOR_NAME = WidgetBackground;
				CODE_SIGN_ENTITLEMENTS = WeatherWidgetExtension.entitlements;
				CODE_SIGN_STYLE = Automatic;
				CURRENT_PROJECT_VERSION = 1;
				DEVELOPMENT_TEAM = 3N2YQM983F;
				GENERATE_INFOPLIST_FILE = YES;
				INFOPLIST_FILE = WeatherWidget/Info.plist;
				INFOPLIST_KEY_CFBundleDisplayName = WeatherWidget;
				INFOPLIST_KEY_NSHumanReadableCopyright = "";
				INFOPLIST_KEY_NSLocationWhenInUseUsageDescription = "用于获取当前位置天气信息";
				LD_RUNPATH_SEARCH_PATHS = (
					"$(inherited)",
					"@executable_path/Frameworks",
					"@executable_path/../../Frameworks",
				);
				MARKETING_VERSION = 1.0;
				PRODUCT_BUNDLE_IDENTIFIER = cn.vincents.WeatherDemo.WeatherWidget;
				PRODUCT_NAME = "$(TARGET_NAME)";
				SKIP_INSTALL = YES;
				SWIFT_EMIT_LOC_STRINGS = YES;
				SWIFT_VERSION = 5.0;
				TARGETED_DEVICE_FAMILY = "1,2";
			};
			name = Debug;
		};
		BFD4AA752C72DC7D0001C5D6 /* Release */ = {
			isa = XCBuildConfiguration;
			buildSettings = {
				ASSETCATALOG_COMPILER_GLOBAL_ACCENT_COLOR_NAME = AccentColor;
				ASSETCATALOG_COMPILER_WIDGET_BACKGROUND_COLOR_NAME = WidgetBackground;
				CODE_SIGN_ENTITLEMENTS = WeatherWidgetExtension.entitlements;
				CODE_SIGN_STYLE = Automatic;
				CURRENT_PROJECT_VERSION = 1;
				DEVELOPMENT_TEAM = 3N2YQM983F;
				GENERATE_INFOPLIST_FILE = YES;
				INFOPLIST_FILE = WeatherWidget/Info.plist;
				INFOPLIST_KEY_CFBundleDisplayName = WeatherWidget;
				INFOPLIST_KEY_NSHumanReadableCopyright = "";
				INFOPLIST_KEY_NSLocationWhenInUseUsageDescription = "用于获取当前位置天气信息";
				LD_RUNPATH_SEARCH_PATHS = (
					"$(inherited)",
					"@executable_path/Frameworks",
					"@executable_path/../../Frameworks",
				);
				MARKETING_VERSION = 1.0;
				PRODUCT_BUNDLE_IDENTIFIER = cn.vincents.WeatherDemo.WeatherWidget;
				PRODUCT_NAME = "$(TARGET_NAME)";
				SKIP_INSTALL = YES;
				SWIFT_EMIT_LOC_STRINGS = YES;
				SWIFT_VERSION = 5.0;
				TARGETED_DEVICE_FAMILY = "1,2";
			};
			name = Release;
		};
/* End XCBuildConfiguration section */

/* Begin XCConfigurationList section */
		BFD4AA272C72DBE60001C5D6 /* Build configuration list for PBXProject "WeatherDemo" */ = {
			isa = XCConfigurationList;
			buildConfigurations = (
				BFD4AA4E2C72DBE80001C5D6 /* Debug */,
				BFD4AA4F2C72DBE80001C5D6 /* Release */,
			);
			defaultConfigurationIsVisible = 0;
			defaultConfigurationName = Release;
		};
		BFD4AA502C72DBE80001C5D6 /* Build configuration list for PBXNativeTarget "WeatherDemo" */ = {
			isa = XCConfigurationList;
			buildConfigurations = (
				BFD4AA512C72DBE80001C5D6 /* Debug */,
				BFD4AA522C72DBE80001C5D6 /* Release */,
			);
			defaultConfigurationIsVisible = 0;
			defaultConfigurationName = Release;
		};
		BFD4AA732C72DC7D0001C5D6 /* Build configuration list for PBXNativeTarget "WeatherWidgetExtension" */ = {
			isa = XCConfigurationList;
			buildConfigurations = (
				BFD4AA742C72DC7D0001C5D6 /* Debug */,
				BFD4AA752C72DC7D0001C5D6 /* Release */,
			);
			defaultConfigurationIsVisible = 0;
			defaultConfigurationName = Release;
		};
/* End XCConfigurationList section */

/* Begin XCRemoteSwiftPackageReference section */
		BFD4AA592C72DC560001C5D6 /* XCRemoteSwiftPackageReference "SwingAnimation" */ = {
			isa = XCRemoteSwiftPackageReference;
			repositoryURL = "https://github.com/TopWidgets/SwingAnimation.git";
			requirement = {
				kind = upToNextMajorVersion;
				minimumVersion = 1.0.0;
			};
		};
		BFD4AAB22C72E0270001C5D6 /* XCRemoteSwiftPackageReference "SwiftDate" */ = {
			isa = XCRemoteSwiftPackageReference;
			repositoryURL = "https://github.com/malcommac/SwiftDate";
			requirement = {
				kind = upToNextMajorVersion;
				minimumVersion = 7.0.0;
			};
		};
/* End XCRemoteSwiftPackageReference section */

/* Begin XCSwiftPackageProductDependency section */
		BFD4AA5A2C72DC560001C5D6 /* SwingAnimation */ = {
			isa = XCSwiftPackageProductDependency;
			package = BFD4AA592C72DC560001C5D6 /* XCRemoteSwiftPackageReference "SwingAnimation" */;
			productName = SwingAnimation;
		};
		BFD4AAB02C72E01F0001C5D6 /* SwingAnimation */ = {
			isa = XCSwiftPackageProductDependency;
			package = BFD4AA592C72DC560001C5D6 /* XCRemoteSwiftPackageReference "SwingAnimation" */;
			productName = SwingAnimation;
		};
		BFD4AAB32C72E0280001C5D6 /* SwiftDate */ = {
			isa = XCSwiftPackageProductDependency;
			package = BFD4AAB22C72E0270001C5D6 /* XCRemoteSwiftPackageReference "SwiftDate" */;
			productName = SwiftDate;
		};
		BFD4AAB52C72E0C40001C5D6 /* SwiftDate */ = {
			isa = XCSwiftPackageProductDependency;
			package = BFD4AAB22C72E0270001C5D6 /* XCRemoteSwiftPackageReference "SwiftDate" */;
			productName = SwiftDate;
		};
/* End XCSwiftPackageProductDependency section */
	};
	rootObject = BFD4AA242C72DBE60001C5D6 /* Project object */;
}
